// !$*UTF8*$!
{
	archiveVersion = 1;
	classes = {
	};
	objectVersion = 46;
	objects = {

/* Begin PBXBuildFile section */
		2226876D0947B468A7B2259D /* Pods_PokemonGOTests.framework in Frameworks */ = {isa = PBXBuildFile; fileRef = 2BEEACC728AE9ADD10A2CE60 /* Pods_PokemonGOTests.framework */; };
		391BFB97B7B7D9503C96E6B1 /* Pods_PokemonGO.framework in Frameworks */ = {isa = PBXBuildFile; fileRef = 46EA45472273F4CFF6BE737F /* Pods_PokemonGO.framework */; };
		59951DC46881F79DBA2EB696 /* Pods_PokemonGOUITests.framework in Frameworks */ = {isa = PBXBuildFile; fileRef = AEDA6E6560A901ED4CDFB061 /* Pods_PokemonGOUITests.framework */; };
		E8091E511F145818009E0C58 /* AppDelegate.swift in Sources */ = {isa = PBXBuildFile; fileRef = E8091E501F145818009E0C58 /* AppDelegate.swift */; };
		E8091E531F145818009E0C58 /* ViewController.swift in Sources */ = {isa = PBXBuildFile; fileRef = E8091E521F145818009E0C58 /* ViewController.swift */; };
		E8091E561F145818009E0C58 /* Main.storyboard in Resources */ = {isa = PBXBuildFile; fileRef = E8091E541F145818009E0C58 /* Main.storyboard */; };
		E8091E581F145818009E0C58 /* Assets.xcassets in Resources */ = {isa = PBXBuildFile; fileRef = E8091E571F145818009E0C58 /* Assets.xcassets */; };
		E8091E5B1F145818009E0C58 /* LaunchScreen.storyboard in Resources */ = {isa = PBXBuildFile; fileRef = E8091E591F145818009E0C58 /* LaunchScreen.storyboard */; };
		E8091E661F145818009E0C58 /* PokemonGOTests.swift in Sources */ = {isa = PBXBuildFile; fileRef = E8091E651F145818009E0C58 /* PokemonGOTests.swift */; };
		E8091E711F145818009E0C58 /* PokemonGOUITests.swift in Sources */ = {isa = PBXBuildFile; fileRef = E8091E701F145818009E0C58 /* PokemonGOUITests.swift */; };
		E8091E801F14592E009E0C58 /* MapKit.framework in Frameworks */ = {isa = PBXBuildFile; fileRef = E8091E7F1F14592E009E0C58 /* MapKit.framework */; };
/* End PBXBuildFile section */

/* Begin PBXContainerItemProxy section */
		E8091E621F145818009E0C58 /* PBXContainerItemProxy */ = {
			isa = PBXContainerItemProxy;
			containerPortal = E8091E451F145818009E0C58 /* Project object */;
			proxyType = 1;
			remoteGlobalIDString = E8091E4C1F145818009E0C58;
			remoteInfo = PokemonGO;
		};
		E8091E6D1F145818009E0C58 /* PBXContainerItemProxy */ = {
			isa = PBXContainerItemProxy;
			containerPortal = E8091E451F145818009E0C58 /* Project object */;
			proxyType = 1;
			remoteGlobalIDString = E8091E4C1F145818009E0C58;
			remoteInfo = PokemonGO;
		};
/* End PBXContainerItemProxy section */

/* Begin PBXFileReference section */
		2BEEACC728AE9ADD10A2CE60 /* Pods_PokemonGOTests.framework */ = {isa = PBXFileReference; explicitFileType = wrapper.framework; includeInIndex = 0; path = Pods_PokemonGOTests.framework; sourceTree = BUILT_PRODUCTS_DIR; };
		33D8B7687FFE1CFF5C4C16C4 /* Pods-PokemonGOTests.debug.xcconfig */ = {isa = PBXFileReference; includeInIndex = 1; lastKnownFileType = text.xcconfig; name = "Pods-PokemonGOTests.debug.xcconfig"; path = "Pods/Target Support Files/Pods-PokemonGOTests/Pods-PokemonGOTests.debug.xcconfig"; sourceTree = "<group>"; };
		46EA45472273F4CFF6BE737F /* Pods_PokemonGO.framework */ = {isa = PBXFileReference; explicitFileType = wrapper.framework; includeInIndex = 0; path = Pods_PokemonGO.framework; sourceTree = BUILT_PRODUCTS_DIR; };
		6688B4206E58DF775F3FD5A8 /* Pods-PokemonGOUITests.release.xcconfig */ = {isa = PBXFileReference; includeInIndex = 1; lastKnownFileType = text.xcconfig; name = "Pods-PokemonGOUITests.release.xcconfig"; path = "Pods/Target Support Files/Pods-PokemonGOUITests/Pods-PokemonGOUITests.release.xcconfig"; sourceTree = "<group>"; };
		7BF1740F563F930ECE0311AA /* Pods-PokemonGOUITests.debug.xcconfig */ = {isa = PBXFileReference; includeInIndex = 1; lastKnownFileType = text.xcconfig; name = "Pods-PokemonGOUITests.debug.xcconfig"; path = "Pods/Target Support Files/Pods-PokemonGOUITests/Pods-PokemonGOUITests.debug.xcconfig"; sourceTree = "<group>"; };
		9105D270329E3247D5661376 /* Pods-PokemonGO.release.xcconfig */ = {isa = PBXFileReference; includeInIndex = 1; lastKnownFileType = text.xcconfig; name = "Pods-PokemonGO.release.xcconfig"; path = "Pods/Target Support Files/Pods-PokemonGO/Pods-PokemonGO.release.xcconfig"; sourceTree = "<group>"; };
		9B4DA70C3B62F4AAA8D48CC7 /* Pods-PokemonGOTests.release.xcconfig */ = {isa = PBXFileReference; includeInIndex = 1; lastKnownFileType = text.xcconfig; name = "Pods-PokemonGOTests.release.xcconfig"; path = "Pods/Target Support Files/Pods-PokemonGOTests/Pods-PokemonGOTests.release.xcconfig"; sourceTree = "<group>"; };
		AEDA6E6560A901ED4CDFB061 /* Pods_PokemonGOUITests.framework */ = {isa = PBXFileReference; explicitFileType = wrapper.framework; includeInIndex = 0; path = Pods_PokemonGOUITests.framework; sourceTree = BUILT_PRODUCTS_DIR; };
		CB272BF85DA630933FC63736 /* Pods-PokemonGO.debug.xcconfig */ = {isa = PBXFileReference; includeInIndex = 1; lastKnownFileType = text.xcconfig; name = "Pods-PokemonGO.debug.xcconfig"; path = "Pods/Target Support Files/Pods-PokemonGO/Pods-PokemonGO.debug.xcconfig"; sourceTree = "<group>"; };
		E8091E4D1F145818009E0C58 /* PokemonGO.app */ = {isa = PBXFileReference; explicitFileType = wrapper.application; includeInIndex = 0; path = PokemonGO.app; sourceTree = BUILT_PRODUCTS_DIR; };
		E8091E501F145818009E0C58 /* AppDelegate.swift */ = {isa = PBXFileReference; lastKnownFileType = sourcecode.swift; path = AppDelegate.swift; sourceTree = "<group>"; };
		E8091E521F145818009E0C58 /* ViewController.swift */ = {isa = PBXFileReference; lastKnownFileType = sourcecode.swift; path = ViewController.swift; sourceTree = "<group>"; };
		E8091E551F145818009E0C58 /* Base */ = {isa = PBXFileReference; lastKnownFileType = file.storyboard; name = Base; path = Base.lproj/Main.storyboard; sourceTree = "<group>"; };
		E8091E571F145818009E0C58 /* Assets.xcassets */ = {isa = PBXFileReference; lastKnownFileType = folder.assetcatalog; path = Assets.xcassets; sourceTree = "<group>"; };
		E8091E5A1F145818009E0C58 /* Base */ = {isa = PBXFileReference; lastKnownFileType = file.storyboard; name = Base; path = Base.lproj/LaunchScreen.storyboard; sourceTree = "<group>"; };
		E8091E5C1F145818009E0C58 /* Info.plist */ = {isa = PBXFileReference; lastKnownFileType = text.plist.xml; path = Info.plist; sourceTree = "<group>"; };
		E8091E611F145818009E0C58 /* PokemonGOTests.xctest */ = {isa = PBXFileReference; explicitFileType = wrapper.cfbundle; includeInIndex = 0; path = PokemonGOTests.xctest; sourceTree = BUILT_PRODUCTS_DIR; };
		E8091E651F145818009E0C58 /* PokemonGOTests.swift */ = {isa = PBXFileReference; lastKnownFileType = sourcecode.swift; path = PokemonGOTests.swift; sourceTree = "<group>"; };
		E8091E671F145818009E0C58 /* Info.plist */ = {isa = PBXFileReference; lastKnownFileType = text.plist.xml; path = Info.plist; sourceTree = "<group>"; };
		E8091E6C1F145818009E0C58 /* PokemonGOUITests.xctest */ = {isa = PBXFileReference; explicitFileType = wrapper.cfbundle; includeInIndex = 0; path = PokemonGOUITests.xctest; sourceTree = BUILT_PRODUCTS_DIR; };
		E8091E701F145818009E0C58 /* PokemonGOUITests.swift */ = {isa = PBXFileReference; lastKnownFileType = sourcecode.swift; path = PokemonGOUITests.swift; sourceTree = "<group>"; };
		E8091E721F145818009E0C58 /* Info.plist */ = {isa = PBXFileReference; lastKnownFileType = text.plist.xml; path = Info.plist; sourceTree = "<group>"; };
		E8091E7F1F14592E009E0C58 /* MapKit.framework */ = {isa = PBXFileReference; lastKnownFileType = wrapper.framework; name = MapKit.framework; path = System/Library/Frameworks/MapKit.framework; sourceTree = SDKROOT; };
/* End PBXFileReference section */

/* Begin PBXFrameworksBuildPhase section */
		E8091E4A1F145818009E0C58 /* Frameworks */ = {
			isa = PBXFrameworksBuildPhase;
			buildActionMask = 2147483647;
			files = (
				E8091E801F14592E009E0C58 /* MapKit.framework in Frameworks */,
				391BFB97B7B7D9503C96E6B1 /* Pods_PokemonGO.framework in Frameworks */,
			);
			runOnlyForDeploymentPostprocessing = 0;
		};
		E8091E5E1F145818009E0C58 /* Frameworks */ = {
			isa = PBXFrameworksBuildPhase;
			buildActionMask = 2147483647;
			files = (
				2226876D0947B468A7B2259D /* Pods_PokemonGOTests.framework in Frameworks */,
			);
			runOnlyForDeploymentPostprocessing = 0;
		};
		E8091E691F145818009E0C58 /* Frameworks */ = {
			isa = PBXFrameworksBuildPhase;
			buildActionMask = 2147483647;
			files = (
				59951DC46881F79DBA2EB696 /* Pods_PokemonGOUITests.framework in Frameworks */,
			);
			runOnlyForDeploymentPostprocessing = 0;
		};
/* End PBXFrameworksBuildPhase section */

/* Begin PBXGroup section */
		2238D2B7332870661A65E3BB /* Pods */ = {
			isa = PBXGroup;
			children = (
				CB272BF85DA630933FC63736 /* Pods-PokemonGO.debug.xcconfig */,
				9105D270329E3247D5661376 /* Pods-PokemonGO.release.xcconfig */,
				33D8B7687FFE1CFF5C4C16C4 /* Pods-PokemonGOTests.debug.xcconfig */,
				9B4DA70C3B62F4AAA8D48CC7 /* Pods-PokemonGOTests.release.xcconfig */,
				7BF1740F563F930ECE0311AA /* Pods-PokemonGOUITests.debug.xcconfig */,
				6688B4206E58DF775F3FD5A8 /* Pods-PokemonGOUITests.release.xcconfig */,
			);
			name = Pods;
			sourceTree = "<group>";
		};
		E8091E441F145818009E0C58 = {
			isa = PBXGroup;
			children = (
				E8091E4F1F145818009E0C58 /* PokemonGO */,
				E8091E641F145818009E0C58 /* PokemonGOTests */,
				E8091E6F1F145818009E0C58 /* PokemonGOUITests */,
				E8091E4E1F145818009E0C58 /* Products */,
				E8091E7E1F14592E009E0C58 /* Frameworks */,
				2238D2B7332870661A65E3BB /* Pods */,
			);
			sourceTree = "<group>";
		};
		E8091E4E1F145818009E0C58 /* Products */ = {
			isa = PBXGroup;
			children = (
				E8091E4D1F145818009E0C58 /* PokemonGO.app */,
				E8091E611F145818009E0C58 /* PokemonGOTests.xctest */,
				E8091E6C1F145818009E0C58 /* PokemonGOUITests.xctest */,
			);
			name = Products;
			sourceTree = "<group>";
		};
		E8091E4F1F145818009E0C58 /* PokemonGO */ = {
			isa = PBXGroup;
			children = (
				E8091E501F145818009E0C58 /* AppDelegate.swift */,
				E8091E521F145818009E0C58 /* ViewController.swift */,
				E8091E541F145818009E0C58 /* Main.storyboard */,
				E8091E571F145818009E0C58 /* Assets.xcassets */,
				E8091E591F145818009E0C58 /* LaunchScreen.storyboard */,
				E8091E5C1F145818009E0C58 /* Info.plist */,
			);
			path = PokemonGO;
			sourceTree = "<group>";
		};
		E8091E641F145818009E0C58 /* PokemonGOTests */ = {
			isa = PBXGroup;
			children = (
				E8091E651F145818009E0C58 /* PokemonGOTests.swift */,
				E8091E671F145818009E0C58 /* Info.plist */,
			);
			path = PokemonGOTests;
			sourceTree = "<group>";
		};
		E8091E6F1F145818009E0C58 /* PokemonGOUITests */ = {
			isa = PBXGroup;
			children = (
				E8091E701F145818009E0C58 /* PokemonGOUITests.swift */,
				E8091E721F145818009E0C58 /* Info.plist */,
			);
			path = PokemonGOUITests;
			sourceTree = "<group>";
		};
		E8091E7E1F14592E009E0C58 /* Frameworks */ = {
			isa = PBXGroup;
			children = (
				E8091E7F1F14592E009E0C58 /* MapKit.framework */,
				46EA45472273F4CFF6BE737F /* Pods_PokemonGO.framework */,
				2BEEACC728AE9ADD10A2CE60 /* Pods_PokemonGOTests.framework */,
				AEDA6E6560A901ED4CDFB061 /* Pods_PokemonGOUITests.framework */,
			);
			name = Frameworks;
			sourceTree = "<group>";
		};
/* End PBXGroup section */

/* Begin PBXNativeTarget section */
		E8091E4C1F145818009E0C58 /* PokemonGO */ = {
			isa = PBXNativeTarget;
			buildConfigurationList = E8091E751F145818009E0C58 /* Build configuration list for PBXNativeTarget "PokemonGO" */;
			buildPhases = (
				4B863923B878887FA6D1B308 /* [CP] Check Pods Manifest.lock */,
				E8091E491F145818009E0C58 /* Sources */,
				E8091E4A1F145818009E0C58 /* Frameworks */,
				E8091E4B1F145818009E0C58 /* Resources */,
				4112206DDE25730DDDF3973C /* [CP] Embed Pods Frameworks */,
				1476E2179A5A32C99663E54B /* [CP] Copy Pods Resources */,
			);
			buildRules = (
			);
			dependencies = (
			);
			name = PokemonGO;
			productName = PokemonGO;
			productReference = E8091E4D1F145818009E0C58 /* PokemonGO.app */;
			productType = "com.apple.product-type.application";
		};
		E8091E601F145818009E0C58 /* PokemonGOTests */ = {
			isa = PBXNativeTarget;
			buildConfigurationList = E8091E781F145818009E0C58 /* Build configuration list for PBXNativeTarget "PokemonGOTests" */;
			buildPhases = (
				858481D62DF762432D99D3DE /* [CP] Check Pods Manifest.lock */,
				E8091E5D1F145818009E0C58 /* Sources */,
				E8091E5E1F145818009E0C58 /* Frameworks */,
				E8091E5F1F145818009E0C58 /* Resources */,
				6D729114040E45D2BF2B0B6A /* [CP] Embed Pods Frameworks */,
				E69916AEF16D7F2DDC580ED4 /* [CP] Copy Pods Resources */,
			);
			buildRules = (
			);
			dependencies = (
				E8091E631F145818009E0C58 /* PBXTargetDependency */,
			);
			name = PokemonGOTests;
			productName = PokemonGOTests;
			productReference = E8091E611F145818009E0C58 /* PokemonGOTests.xctest */;
			productType = "com.apple.product-type.bundle.unit-test";
		};
		E8091E6B1F145818009E0C58 /* PokemonGOUITests */ = {
			isa = PBXNativeTarget;
			buildConfigurationList = E8091E7B1F145818009E0C58 /* Build configuration list for PBXNativeTarget "PokemonGOUITests" */;
			buildPhases = (
				F1F2CFB4D56D1B7CFA313392 /* [CP] Check Pods Manifest.lock */,
				E8091E681F145818009E0C58 /* Sources */,
				E8091E691F145818009E0C58 /* Frameworks */,
				E8091E6A1F145818009E0C58 /* Resources */,
				1E165E8C8CF4119669C50B66 /* [CP] Embed Pods Frameworks */,
				4CC04C952749CDBE44214246 /* [CP] Copy Pods Resources */,
			);
			buildRules = (
			);
			dependencies = (
				E8091E6E1F145818009E0C58 /* PBXTargetDependency */,
			);
			name = PokemonGOUITests;
			productName = PokemonGOUITests;
			productReference = E8091E6C1F145818009E0C58 /* PokemonGOUITests.xctest */;
			productType = "com.apple.product-type.bundle.ui-testing";
		};
/* End PBXNativeTarget section */

/* Begin PBXProject section */
		E8091E451F145818009E0C58 /* Project object */ = {
			isa = PBXProject;
			attributes = {
				LastSwiftUpdateCheck = 0820;
				LastUpgradeCheck = 0820;
				ORGANIZATIONNAME = "Kelvin Medeiros";
				TargetAttributes = {
					E8091E4C1F145818009E0C58 = {
						CreatedOnToolsVersion = 8.2.1;
						ProvisioningStyle = Automatic;
					};
					E8091E601F145818009E0C58 = {
						CreatedOnToolsVersion = 8.2.1;
						ProvisioningStyle = Automatic;
						TestTargetID = E8091E4C1F145818009E0C58;
					};
					E8091E6B1F145818009E0C58 = {
						CreatedOnToolsVersion = 8.2.1;
						ProvisioningStyle = Automatic;
						TestTargetID = E8091E4C1F145818009E0C58;
					};
				};
			};
			buildConfigurationList = E8091E481F145818009E0C58 /* Build configuration list for PBXProject "PokemonGO" */;
			compatibilityVersion = "Xcode 3.2";
			developmentRegion = English;
			hasScannedForEncodings = 0;
			knownRegions = (
				en,
				Base,
			);
			mainGroup = E8091E441F145818009E0C58;
			productRefGroup = E8091E4E1F145818009E0C58 /* Products */;
			projectDirPath = "";
			projectRoot = "";
			targets = (
				E8091E4C1F145818009E0C58 /* PokemonGO */,
				E8091E601F145818009E0C58 /* PokemonGOTests */,
				E8091E6B1F145818009E0C58 /* PokemonGOUITests */,
			);
		};
/* End PBXProject section */

/* Begin PBXResourcesBuildPhase section */
		E8091E4B1F145818009E0C58 /* Resources */ = {
			isa = PBXResourcesBuildPhase;
			buildActionMask = 2147483647;
			files = (
				E8091E5B1F145818009E0C58 /* LaunchScreen.storyboard in Resources */,
				E8091E581F145818009E0C58 /* Assets.xcassets in Resources */,
				E8091E561F145818009E0C58 /* Main.storyboard in Resources */,
			);
			runOnlyForDeploymentPostprocessing = 0;
		};
		E8091E5F1F145818009E0C58 /* Resources */ = {
			isa = PBXResourcesBuildPhase;
			buildActionMask = 2147483647;
			files = (
			);
			runOnlyForDeploymentPostprocessing = 0;
		};
		E8091E6A1F145818009E0C58 /* Resources */ = {
			isa = PBXResourcesBuildPhase;
			buildActionMask = 2147483647;
			files = (
			);
			runOnlyForDeploymentPostprocessing = 0;
		};
/* End PBXResourcesBuildPhase section */

/* Begin PBXShellScriptBuildPhase section */
		1476E2179A5A32C99663E54B /* [CP] Copy Pods Resources */ = {
			isa = PBXShellScriptBuildPhase;
			buildActionMask = 2147483647;
			files = (
			);
			inputPaths = (
			);
			name = "[CP] Copy Pods Resources";
			outputPaths = (
			);
			runOnlyForDeploymentPostprocessing = 0;
			shellPath = /bin/sh;
			shellScript = "\"${SRCROOT}/Pods/Target Support Files/Pods-PokemonGO/Pods-PokemonGO-resources.sh\"\n";
			showEnvVarsInLog = 0;
		};
		1E165E8C8CF4119669C50B66 /* [CP] Embed Pods Frameworks */ = {
			isa = PBXShellScriptBuildPhase;
			buildActionMask = 2147483647;
			files = (
			);
			inputPaths = (
			);
			name = "[CP] Embed Pods Frameworks";
			outputPaths = (
			);
			runOnlyForDeploymentPostprocessing = 0;
			shellPath = /bin/sh;
			shellScript = "\"${SRCROOT}/Pods/Target Support Files/Pods-PokemonGOUITests/Pods-PokemonGOUITests-frameworks.sh\"\n";
			showEnvVarsInLog = 0;
		};
		4112206DDE25730DDDF3973C /* [CP] Embed Pods Frameworks */ = {
			isa = PBXShellScriptBuildPhase;
			buildActionMask = 2147483647;
			files = (
			);
			inputPaths = (
			);
			name = "[CP] Embed Pods Frameworks";
			outputPaths = (
			);
			runOnlyForDeploymentPostprocessing = 0;
			shellPath = /bin/sh;
			shellScript = "\"${SRCROOT}/Pods/Target Support Files/Pods-PokemonGO/Pods-PokemonGO-frameworks.sh\"\n";
			showEnvVarsInLog = 0;
		};
		4B863923B878887FA6D1B308 /* [CP] Check Pods Manifest.lock */ = {
			isa = PBXShellScriptBuildPhase;
			buildActionMask = 2147483647;
			files = (
			);
			inputPaths = (
			);
			name = "[CP] Check Pods Manifest.lock";
			outputPaths = (
			);
			runOnlyForDeploymentPostprocessing = 0;
			shellPath = /bin/sh;
			shellScript = "diff \"${PODS_PODFILE_DIR_PATH}/Podfile.lock\" \"${PODS_ROOT}/Manifest.lock\" > /dev/null\nif [ $? != 0 ] ; then\n    # print error to STDERR\n    echo \"error: The sandbox is not in sync with the Podfile.lock. Run 'pod install' or update your CocoaPods installation.\" >&2\n    exit 1\nfi\n";
			showEnvVarsInLog = 0;
		};
		4CC04C952749CDBE44214246 /* [CP] Copy Pods Resources */ = {
			isa = PBXShellScriptBuildPhase;
			buildActionMask = 2147483647;
			files = (
			);
			inputPaths = (
			);
			name = "[CP] Copy Pods Resources";
			outputPaths = (
			);
			runOnlyForDeploymentPostprocessing = 0;
			shellPath = /bin/sh;
			shellScript = "\"${SRCROOT}/Pods/Target Support Files/Pods-PokemonGOUITests/Pods-PokemonGOUITests-resources.sh\"\n";
			showEnvVarsInLog = 0;
		};
		6D729114040E45D2BF2B0B6A /* [CP] Embed Pods Frameworks */ = {
			isa = PBXShellScriptBuildPhase;
			buildActionMask = 2147483647;
			files = (
			);
			inputPaths = (
			);
			name = "[CP] Embed Pods Frameworks";
			outputPaths = (
			);
			runOnlyForDeploymentPostprocessing = 0;
			shellPath = /bin/sh;
			shellScript = "\"${SRCROOT}/Pods/Target Support Files/Pods-PokemonGOTests/Pods-PokemonGOTests-frameworks.sh\"\n";
			showEnvVarsInLog = 0;
		};
		858481D62DF762432D99D3DE /* [CP] Check Pods Manifest.lock */ = {
			isa = PBXShellScriptBuildPhase;
			buildActionMask = 2147483647;
			files = (
			);
			inputPaths = (
			);
			name = "[CP] Check Pods Manifest.lock";
			outputPaths = (
			);
			runOnlyForDeploymentPostprocessing = 0;
			shellPath = /bin/sh;
			shellScript = "diff \"${PODS_PODFILE_DIR_PATH}/Podfile.lock\" \"${PODS_ROOT}/Manifest.lock\" > /dev/null\nif [ $? != 0 ] ; then\n    # print error to STDERR\n    echo \"error: The sandbox is not in sync with the Podfile.lock. Run 'pod install' or update your CocoaPods installation.\" >&2\n    exit 1\nfi\n";
			showEnvVarsInLog = 0;
		};
		E69916AEF16D7F2DDC580ED4 /* [CP] Copy Pods Resources */ = {
			isa = PBXShellScriptBuildPhase;
			buildActionMask = 2147483647;
			files = (
			);
			inputPaths = (
			);
			name = "[CP] Copy Pods Resources";
			outputPaths = (
			);
			runOnlyForDeploymentPostprocessing = 0;
			shellPath = /bin/sh;
			shellScript = "\"${SRCROOT}/Pods/Target Support Files/Pods-PokemonGOTests/Pods-PokemonGOTests-resources.sh\"\n";
			showEnvVarsInLog = 0;
		};
		F1F2CFB4D56D1B7CFA313392 /* [CP] Check Pods Manifest.lock */ = {
			isa = PBXShellScriptBuildPhase;
			buildActionMask = 2147483647;
			files = (
			);
			inputPaths = (
			);
			name = "[CP] Check Pods Manifest.lock";
			outputPaths = (
			);
			runOnlyForDeploymentPostprocessing = 0;
			shellPath = /bin/sh;
			shellScript = "diff \"${PODS_PODFILE_DIR_PATH}/Podfile.lock\" \"${PODS_ROOT}/Manifest.lock\" > /dev/null\nif [ $? != 0 ] ; then\n    # print error to STDERR\n    echo \"error: The sandbox is not in sync with the Podfile.lock. Run 'pod install' or update your CocoaPods installation.\" >&2\n    exit 1\nfi\n";
			showEnvVarsInLog = 0;
		};
/* End PBXShellScriptBuildPhase section */

/* Begin PBXSourcesBuildPhase section */
		E8091E491F145818009E0C58 /* Sources */ = {
			isa = PBXSourcesBuildPhase;
			buildActionMask = 2147483647;
			files = (
				E8091E531F145818009E0C58 /* ViewController.swift in Sources */,
				E8091E511F145818009E0C58 /* AppDelegate.swift in Sources */,
			);
			runOnlyForDeploymentPostprocessing = 0;
		};
		E8091E5D1F145818009E0C58 /* Sources */ = {
			isa = PBXSourcesBuildPhase;
			buildActionMask = 2147483647;
			files = (
				E8091E661F145818009E0C58 /* PokemonGOTests.swift in Sources */,
			);
			runOnlyForDeploymentPostprocessing = 0;
		};
		E8091E681F145818009E0C58 /* Sources */ = {
			isa = PBXSourcesBuildPhase;
			buildActionMask = 2147483647;
			files = (
				E8091E711F145818009E0C58 /* PokemonGOUITests.swift in Sources */,
			);
			runOnlyForDeploymentPostprocessing = 0;
		};
/* End PBXSourcesBuildPhase section */

/* Begin PBXTargetDependency section */
		E8091E631F145818009E0C58 /* PBXTargetDependency */ = {
			isa = PBXTargetDependency;
			target = E8091E4C1F145818009E0C58 /* PokemonGO */;
			targetProxy = E8091E621F145818009E0C58 /* PBXContainerItemProxy */;
		};
		E8091E6E1F145818009E0C58 /* PBXTargetDependency */ = {
			isa = PBXTargetDependency;
			target = E8091E4C1F145818009E0C58 /* PokemonGO */;
			targetProxy = E8091E6D1F145818009E0C58 /* PBXContainerItemProxy */;
		};
/* End PBXTargetDependency section */

/* Begin PBXVariantGroup section */
		E8091E541F145818009E0C58 /* Main.storyboard */ = {
			isa = PBXVariantGroup;
			children = (
				E8091E551F145818009E0C58 /* Base */,
			);
			name = Main.storyboard;
			sourceTree = "<group>";
		};
		E8091E591F145818009E0C58 /* LaunchScreen.storyboard */ = {
			isa = PBXVariantGroup;
			children = (
				E8091E5A1F145818009E0C58 /* Base */,
			);
			name = LaunchScreen.storyboard;
			sourceTree = "<group>";
		};
/* End PBXVariantGroup section */

/* Begin XCBuildConfiguration section */
		E8091E731F145818009E0C58 /* Debug */ = {
			isa = XCBuildConfiguration;
			buildSettings = {
				ALWAYS_SEARCH_USER_PATHS = NO;
				CLANG_ANALYZER_NONNULL = YES;
				CLANG_CXX_LANGUAGE_STANDARD = "gnu++0x";
				CLANG_CXX_LIBRARY = "libc++";
				CLANG_ENABLE_MODULES = YES;
				CLANG_ENABLE_OBJC_ARC = YES;
				CLANG_WARN_BOOL_CONVERSION = YES;
				CLANG_WARN_CONSTANT_CONVERSION = YES;
				CLANG_WARN_DIRECT_OBJC_ISA_USAGE = YES_ERROR;
				CLANG_WARN_DOCUMENTATION_COMMENTS = YES;
				CLANG_WARN_EMPTY_BODY = YES;
				CLANG_WARN_ENUM_CONVERSION = YES;
				CLANG_WARN_INFINITE_RECURSION = YES;
				CLANG_WARN_INT_CONVERSION = YES;
				CLANG_WARN_OBJC_ROOT_CLASS = YES_ERROR;
				CLANG_WARN_SUSPICIOUS_MOVE = YES;
				CLANG_WARN_UNREACHABLE_CODE = YES;
				CLANG_WARN__DUPLICATE_METHOD_MATCH = YES;
				"CODE_SIGN_IDENTITY[sdk=iphoneos*]" = "iPhone Developer";
				COPY_PHASE_STRIP = NO;
				DEBUG_INFORMATION_FORMAT = dwarf;
				ENABLE_STRICT_OBJC_MSGSEND = YES;
				ENABLE_TESTABILITY = YES;
				GCC_C_LANGUAGE_STANDARD = gnu99;
				GCC_DYNAMIC_NO_PIC = NO;
				GCC_NO_COMMON_BLOCKS = YES;
				GCC_OPTIMIZATION_LEVEL = 0;
				GCC_PREPROCESSOR_DEFINITIONS = (
					"DEBUG=1",
					"$(inherited)",
				);
				GCC_WARN_64_TO_32_BIT_CONVERSION = YES;
				GCC_WARN_ABOUT_RETURN_TYPE = YES_ERROR;
				GCC_WARN_UNDECLARED_SELECTOR = YES;
				GCC_WARN_UNINITIALIZED_AUTOS = YES_AGGRESSIVE;
				GCC_WARN_UNUSED_FUNCTION = YES;
				GCC_WARN_UNUSED_VARIABLE = YES;
				IPHONEOS_DEPLOYMENT_TARGET = 10.2;
				MTL_ENABLE_DEBUG_INFO = YES;
				ONLY_ACTIVE_ARCH = YES;
				SDKROOT = iphoneos;
				SWIFT_ACTIVE_COMPILATION_CONDITIONS = DEBUG;
				SWIFT_OPTIMIZATION_LEVEL = "-Onone";
				TARGETED_DEVICE_FAMILY = "1,2";
			};
			name = Debug;
		};
		E8091E741F145818009E0C58 /* Release */ = {
			isa = XCBuildConfiguration;
			buildSettings = {
				ALWAYS_SEARCH_USER_PATHS = NO;
				CLANG_ANALYZER_NONNULL = YES;
				CLANG_CXX_LANGUAGE_STANDARD = "gnu++0x";
				CLANG_CXX_LIBRARY = "libc++";
				CLANG_ENABLE_MODULES = YES;
				CLANG_ENABLE_OBJC_ARC = YES;
				CLANG_WARN_BOOL_CONVERSION = YES;
				CLANG_WARN_CONSTANT_CONVERSION = YES;
				CLANG_WARN_DIRECT_OBJC_ISA_USAGE = YES_ERROR;
				CLANG_WARN_DOCUMENTATION_COMMENTS = YES;
				CLANG_WARN_EMPTY_BODY = YES;
				CLANG_WARN_ENUM_CONVERSION = YES;
				CLANG_WARN_INFINITE_RECURSION = YES;
				CLANG_WARN_INT_CONVERSION = YES;
				CLANG_WARN_OBJC_ROOT_CLASS = YES_ERROR;
				CLANG_WARN_SUSPICIOUS_MOVE = YES;
				CLANG_WARN_UNREACHABLE_CODE = YES;
				CLANG_WARN__DUPLICATE_METHOD_MATCH = YES;
				"CODE_SIGN_IDENTITY[sdk=iphoneos*]" = "iPhone Developer";
				COPY_PHASE_STRIP = NO;
				DEBUG_INFORMATION_FORMAT = "dwarf-with-dsym";
				ENABLE_NS_ASSERTIONS = NO;
				ENABLE_STRICT_OBJC_MSGSEND = YES;
				GCC_C_LANGUAGE_STANDARD = gnu99;
				GCC_NO_COMMON_BLOCKS = YES;
				GCC_WARN_64_TO_32_BIT_CONVERSION = YES;
				GCC_WARN_ABOUT_RETURN_TYPE = YES_ERROR;
				GCC_WARN_UNDECLARED_SELECTOR = YES;
				GCC_WARN_UNINITIALIZED_AUTOS = YES_AGGRESSIVE;
				GCC_WARN_UNUSED_FUNCTION = YES;
				GCC_WARN_UNUSED_VARIABLE = YES;
				IPHONEOS_DEPLOYMENT_TARGET = 10.2;
				MTL_ENABLE_DEBUG_INFO = NO;
				SDKROOT = iphoneos;
				SWIFT_OPTIMIZATION_LEVEL = "-Owholemodule";
				TARGETED_DEVICE_FAMILY = "1,2";
				VALIDATE_PRODUCT = YES;
			};
			name = Release;
		};
		E8091E761F145818009E0C58 /* Debug */ = {
			isa = XCBuildConfiguration;
			baseConfigurationReference = CB272BF85DA630933FC63736 /* Pods-PokemonGO.debug.xcconfig */;
			buildSettings = {
				ASSETCATALOG_COMPILER_APPICON_NAME = AppIcon;
				INFOPLIST_FILE = PokemonGO/Info.plist;
				LD_RUNPATH_SEARCH_PATHS = "$(inherited) @executable_path/Frameworks";
				PRODUCT_BUNDLE_IDENTIFIER = br.com.kelvinmedeiros.PokemonGO;
				PRODUCT_NAME = "$(TARGET_NAME)";
				SWIFT_VERSION = 3.0;
			};
			name = Debug;
		};
		E8091E771F145818009E0C58 /* Release */ = {
			isa = XCBuildConfiguration;
			baseConfigurationReference = 9105D270329E3247D5661376 /* Pods-PokemonGO.release.xcconfig */;
			buildSettings = {
				ASSETCATALOG_COMPILER_APPICON_NAME = AppIcon;
				INFOPLIST_FILE = PokemonGO/Info.plist;
				LD_RUNPATH_SEARCH_PATHS = "$(inherited) @executable_path/Frameworks";
				PRODUCT_BUNDLE_IDENTIFIER = br.com.kelvinmedeiros.PokemonGO;
				PRODUCT_NAME = "$(TARGET_NAME)";
				SWIFT_VERSION = 3.0;
			};
			name = Release;
		};
		E8091E791F145818009E0C58 /* Debug */ = {
			isa = XCBuildConfiguration;
			baseConfigurationReference = 33D8B7687FFE1CFF5C4C16C4 /* Pods-PokemonGOTests.debug.xcconfig */;
			buildSettings = {
				ALWAYS_EMBED_SWIFT_STANDARD_LIBRARIES = YES;
				BUNDLE_LOADER = "$(TEST_HOST)";
				INFOPLIST_FILE = PokemonGOTests/Info.plist;
				LD_RUNPATH_SEARCH_PATHS = "$(inherited) @executable_path/Frameworks @loader_path/Frameworks";
				PRODUCT_BUNDLE_IDENTIFIER = kelvinmedeiros.PokemonGOTests;
				PRODUCT_NAME = "$(TARGET_NAME)";
				SWIFT_VERSION = 3.0;
				TEST_HOST = "$(BUILT_PRODUCTS_DIR)/PokemonGO.app/PokemonGO";
			};
			name = Debug;
		};
		E8091E7A1F145818009E0C58 /* Release */ = {
			isa = XCBuildConfiguration;
			baseConfigurationReference = 9B4DA70C3B62F4AAA8D48CC7 /* Pods-PokemonGOTests.release.xcconfig */;
			buildSettings = {
				ALWAYS_EMBED_SWIFT_STANDARD_LIBRARIES = YES;
				BUNDLE_LOADER = "$(TEST_HOST)";
				INFOPLIST_FILE = PokemonGOTests/Info.plist;
				LD_RUNPATH_SEARCH_PATHS = "$(inherited) @executable_path/Frameworks @loader_path/Frameworks";
				PRODUCT_BUNDLE_IDENTIFIER = kelvinmedeiros.PokemonGOTests;
				PRODUCT_NAME = "$(TARGET_NAME)";
				SWIFT_VERSION = 3.0;
				TEST_HOST = "$(BUILT_PRODUCTS_DIR)/PokemonGO.app/PokemonGO";
			};
			name = Release;
		};
		E8091E7C1F145818009E0C58 /* Debug */ = {
			isa = XCBuildConfiguration;
			baseConfigurationReference = 7BF1740F563F930ECE0311AA /* Pods-PokemonGOUITests.debug.xcconfig */;
			buildSettings = {
				ALWAYS_EMBED_SWIFT_STANDARD_LIBRARIES = YES;
				INFOPLIST_FILE = PokemonGOUITests/Info.plist;
				LD_RUNPATH_SEARCH_PATHS = "$(inherited) @executable_path/Frameworks @loader_path/Frameworks";
				PRODUCT_BUNDLE_IDENTIFIER = kelvinmedeiros.PokemonGOUITests;
				PRODUCT_NAME = "$(TARGET_NAME)";
				SWIFT_VERSION = 3.0;
				TEST_TARGET_NAME = PokemonGO;
			};
			name = Debug;
		};
		E8091E7D1F145818009E0C58 /* Release */ = {
			isa = XCBuildConfiguration;
			baseConfigurationReference = 6688B4206E58DF775F3FD5A8 /* Pods-PokemonGOUITests.release.xcconfig */;
			buildSettings = {
				ALWAYS_EMBED_SWIFT_STANDARD_LIBRARIES = YES;
				INFOPLIST_FILE = PokemonGOUITests/Info.plist;
				LD_RUNPATH_SEARCH_PATHS = "$(inherited) @executable_path/Frameworks @loader_path/Frameworks";
				PRODUCT_BUNDLE_IDENTIFIER = kelvinmedeiros.PokemonGOUITests;
				PRODUCT_NAME = "$(TARGET_NAME)";
				SWIFT_VERSION = 3.0;
				TEST_TARGET_NAME = PokemonGO;
			};
			name = Release;
		};
/* End XCBuildConfiguration section */

/* Begin XCConfigurationList section */
		E8091E481F145818009E0C58 /* Build configuration list for PBXProject "PokemonGO" */ = {
			isa = XCConfigurationList;
			buildConfigurations = (
				E8091E731F145818009E0C58 /* Debug */,
				E8091E741F145818009E0C58 /* Release */,
			);
			defaultConfigurationIsVisible = 0;
			defaultConfigurationName = Release;
		};
		E8091E751F145818009E0C58 /* Build configuration list for PBXNativeTarget "PokemonGO" */ = {
			isa = XCConfigurationList;
			buildConfigurations = (
				E8091E761F145818009E0C58 /* Debug */,
				E8091E771F145818009E0C58 /* Release */,
			);
			defaultConfigurationIsVisible = 0;
		};
		E8091E781F145818009E0C58 /* Build configuration list for PBXNativeTarget "PokemonGOTests" */ = {
			isa = XCConfigurationList;
			buildConfigurations = (
				E8091E791F145818009E0C58 /* Debug */,
				E8091E7A1F145818009E0C58 /* Release */,
			);
			defaultConfigurationIsVisible = 0;
		};
		E8091E7B1F145818009E0C58 /* Build configuration list for PBXNativeTarget "PokemonGOUITests" */ = {
			isa = XCConfigurationList;
			buildConfigurations = (
				E8091E7C1F145818009E0C58 /* Debug */,
				E8091E7D1F145818009E0C58 /* Release */,
			);
			defaultConfigurationIsVisible = 0;
		};
/* End XCConfigurationList section */
	};
	rootObject = E8091E451F145818009E0C58 /* Project object */;
}
